{
  "name": "shnayim-mikra-tools",
  "lockfileVersion": 3,
  "requires": true,
  "packages": {
    "": {
      "name": "shnayim-mikra-tools",
      "dependencies": {
        "@hebcal/core": "^6.6.0",
        "@hebcal/leyning": "^9.5.5"
      },
      "devDependencies": {
        "playwright": "^1.55.0"
      }
    },
    "node_modules/@hebcal/core": {
      "version": "6.6.0",
      "resolved": "https://registry.npmjs.org/@hebcal/core/-/core-6.6.0.tgz",
      "integrity": "sha512-LNQ8XrmG0+F9ZiYMj40kK1/ISnGi3e2XZnktXk3PjEHV/PyHWzIbVuc/q+XnOQDwN98vxGOII3WskDtT0AvZ0g==",
      "license": "GPL-2.0",
      "dependencies": {
        "@hebcal/hdate": "^0.22.4",
        "@hebcal/noaa": "^0.12.1",
        "quick-lru": "^7.3.0",
        "temporal-polyfill": "^1.0.1"
      },
      "engines": {
        "node": ">= 18"
      }
    },
    "node_modules/@hebcal/hdate": {
      "version": "0.22.5",
      "resolved": "https://registry.npmjs.org/@hebcal/hdate/-/hdate-0.22.5.tgz",
      "integrity": "sha512-olfU0L0Bi+AgkFsrSa/4t+LT3jAW6Q58EFROV8AhyzAqc+8TfAjZYd/wl8yUSqDJjVohlD3ynekCxdZZ230cQQ==",
      "license": "GPL-2.0"
    },
    "node_modules/@hebcal/leyning": {
      "version": "9.5.5",
      "resolved": "https://registry.npmjs.org/@hebcal/leyning/-/leyning-9.5.5.tgz",
      "integrity": "sha512-1KLoxJ+eVOqscAyq2PzhMOI/0cpEgdfCrcEeQym2sh25UEgEhWjVghKg5AZ+N0HS1egwvM8j7F5cMgZhbjMzkQ==",
      "license": "BSD-2-Clause",
      "dependencies": {
        "@hebcal/core": "^6.5.3",
        "@hebcal/hdate": "^0.22.4"
      },
      "engines": {
        "node": ">=18"
      }
    },
    "node_modules/@hebcal/noaa": {
      "version": "0.12.1",
      "resolved": "https://registry.npmjs.org/@hebcal/noaa/-/noaa-0.12.1.tgz",
      "integrity": "sha512-pHx4gTYQzOkwSyPx3IrSZQfD+CCscDcLGA/Uae/49bE4uWA+KsI0x1A7hcpEzu9MJE0SX7SbLnj9g70Qb6zx5A==",
      "license": "LGPL-2.1",
      "dependencies": {
        "temporal-polyfill": "^1.0.1"
      },
      "engines": {
        "node": ">=18"
      }
    },
    "node_modules/fsevents": {
      "version": "2.3.2",
      "resolved": "https://registry.npmjs.org/fsevents/-/fsevents-2.3.2.tgz",
      "integrity": "sha512-xiqMQR4xAeHTuB9uWm+fFRcIOgKBMiOBP+eXiyT7jsgVCq1bkVygt00oASowB7EdtpOHaaPgKt812P9ab+DDKA==",
      "dev": true,
      "hasInstallScript": true,
      "license": "MIT",
      "optional": true,
      "os": [
        "darwin"
      ],
      "engines": {
        "node": "^8.16.0 || ^10.6.0 || >=11.0.0"
      }
    },
    "node_modules/playwright": {
      "version": "1.61.1",
      "resolved": "https://registry.npmjs.org/playwright/-/playwright-1.61.1.tgz",
      "integrity": "sha512-DWnY5o3YbLWK4GovuAVwpqL+1VwGNdUGrRr++8j8PtQQzvAVZUIMjKQ90fY689sEJZJBbZVw1rXaOKSTitkzPQ==",
      "dev": true,
      "license": "Apache-2.0",
      "dependencies": {
        "playwright-core": "1.61.1"
      },
      "bin": {
        "playwright": "cli.js"
      },
      "engines": {
        "node": ">=18"
      },
      "optionalDependencies": {
        "fsevents": "2.3.2"
      }
    },
    "node_modules/playwright-core": {
      "version": "1.61.1",
      "resolved": "https://registry.npmjs.org/playwright-core/-/playwright-core-1.61.1.tgz",
      "integrity": "sha512-h7Qlt6m4REp25qvIdvbDtVmD4LqVXfpRxhORv9L0jzETM05p4fuPJ3dKyuSXQxDSbXnmS79HAgi9589lGSpLkg==",
      "dev": true,
      "license": "Apache-2.0",
      "bin": {
        "playwright-core": "cli.js"
      },
      "engines": {
        "node": ">=18"
      }
    },
    "node_modules/quick-lru": {
      "version": "7.3.0",
      "resolved": "https://registry.npmjs.org/quick-lru/-/quick-lru-7.3.0.tgz",
      "integrity": "sha512-k9lSsjl36EJdK7I06v7APZCbyGT2vMTsYSRX1Q2nbYmnkBqgUhRkAuzH08Ciotteu/PLJmIF2+tti7o3C/ts2g==",
      "license": "MIT",
      "engines": {
        "node": ">=18"
      },
      "funding": {
        "url": "https://github.com/sponsors/sindresorhus"
      }
    },
    "node_modules/temporal-polyfill": {
      "version": "1.0.1",
      "resolved": "https://registry.npmjs.org/temporal-polyfill/-/temporal-polyfill-1.0.1.tgz",
      "integrity": "sha512-N2SoI9olnW7BUsU8RosDphZQl9s+WJ8O7PoJMFCr/e5/1rFkVI4GNOWaSeySG+UoP04foPYsnLWbJmbXOiShZg==",
      "license": "MIT",
      "dependencies": {
        "temporal-spec": "1.0.0",
        "temporal-utils": "1.0.1"
      }
    },
    "node_modules/temporal-spec": {
      "version": "1.0.0",
      "resolved": "https://registry.npmjs.org/temporal-spec/-/temporal-spec-1.0.0.tgz",
      "integrity": "sha512-00Ahj1e1ifaERTMOIIGpOCdOo9IEk2m6GGSMedsn9a2SIsGLdOTbmME1Htv6IM82b6VHrzSUTIVc7YHy6hdhFQ==",
      "license": "Apache-2.0"
    },
    "node_modules/temporal-utils": {
      "version": "1.0.1",
      "resolved": "https://registry.npmjs.org/temporal-utils/-/temporal-utils-1.0.1.tgz",
      "integrity": "sha512-HAixuesxFQIUaQk3ptX2jhfO/FsOkgVkDDMawvp6n/fkB1q6BKfs3lURw9I+pK/2e2e/q/vrLrxmeqauBoyGMQ==",
      "license": "MIT"
    }
  }
}
